Microsoft Visual Studio Solution File, Format Version 11.00
# Visual Studio 2008

Project("{6AB47337-0D43-5C88-2ECC-55A3A93FBFC1}") = "RCloud", "Assembly-CSharp.csproj", "{8BA2BB9F-7124-7E0D-EF85-E441A9AD8277}"
EndProject
Global
	GlobalSection(SolutionConfigurationPlatforms) = preSolution
		Debug|Any CPU = Debug|Any CPU
		Release|Any CPU = Release|Any CPU
	EndGlobalSection
	GlobalSection(ProjectConfigurationPlatforms) = postSolution
		{8BA2BB9F-7124-7E0D-EF85-E441A9AD8277}.Debug|Any CPU.ActiveCfg = Debug|Any CPU
		{8BA2BB9F-7124-7E0D-EF85-E441A9AD8277}.Debug|Any CPU.Build.0 = Debug|Any CPU
		{8BA2BB9F-7124-7E0D-EF85-E441A9AD8277}.Release|Any CPU.ActiveCfg = Release|Any CPU
		{8BA2BB9F-7124-7E0D-EF85-E441A9AD8277}.Release|Any CPU.Build.0 = Release|Any CPU
	EndGlobalSection
	GlobalSection(SolutionProperties) = preSolution
		HideSolutionNode = FALSE
	EndGlobalSection
	GlobalSection(MonoDevelopProperties) = preSolution
		StartupItem = Assembly-CSharp.csproj
	EndGlobalSection
EndGlobal
